// !$*UTF8*$!
{
	archiveVersion = 1;
	classes = {
	};
	objectVersion = 46;
	objects = {

/* Begin PBXBuildFile section */
		91152F0A1AA6AE7000358262 /* main.m in Sources */ = {isa = PBXBuildFile; fileRef = 91152F091AA6AE7000358262 /* main.m */; };
		91152F0D1AA6AE7000358262 /* AppDelegate.m in Sources */ = {isa = PBXBuildFile; fileRef = 91152F0C1AA6AE7000358262 /* AppDelegate.m */; };
		91152F101AA6AE7000358262 /* ViewController.m in Sources */ = {isa = PBXBuildFile; fileRef = 91152F0F1AA6AE7000358262 /* ViewController.m */; };
		91152F131AA6AE7000358262 /* Main.storyboard in Resources */ = {isa = PBXBuildFile; fileRef = 91152F111AA6AE7000358262 /* Main.storyboard */; };
		91152F151AA6AE7000358262 /* Images.xcassets in Resources */ = {isa = PBXBuildFile; fileRef = 91152F141AA6AE7000358262 /* Images.xcassets */; };
		91152F181AA6AE7000358262 /* LaunchScreen.xib in Resources */ = {isa = PBXBuildFile; fileRef = 91152F161AA6AE7000358262 /* LaunchScreen.xib */; };
/* End PBXBuildFile section */

/* Begin PBXFileReference section */
		91152F041AA6AE7000358262 /* RangerWhether.app */ = {isa = PBXFileReference; explicitFileType = wrapper.application; includeInIndex = 0; path = RangerWhether.app; sourceTree = BUILT_PRODUCTS_DIR; };
		91152F081AA6AE7000358262 /* Info.plist */ = {isa = PBXFileReference; lastKnownFileType = text.plist.xml; path = Info.plist; sourceTree = "<group>"; };
		91152F091AA6AE7000358262 /* main.m */ = {isa = PBXFileReference; lastKnownFileType = sourcecode.c.objc; path = main.m; sourceTree = "<group>"; };
		91152F0B1AA6AE7000358262 /* AppDelegate.h */ = {isa = PBXFileReference; lastKnownFileType = sourcecode.c.h; path = AppDelegate.h; sourceTree = "<group>"; };
		91152F0C1AA6AE7000358262 /* AppDelegate.m */ = {isa = PBXFileReference; lastKnownFileType = sourcecode.c.objc; path = AppDelegate.m; sourceTree = "<group>"; };
		91152F0E1AA6AE7000358262 /* ViewController.h */ = {isa = PBXFileReference; lastKnownFileType = sourcecode.c.h; path = ViewController.h; sourceTree = "<group>"; };
		91152F0F1AA6AE7000358262 /* ViewController.m */ = {isa = PBXFileReference; lastKnownFileType = sourcecode.c.objc; path = ViewController.m; sourceTree = "<group>"; };
		91152F121AA6AE7000358262 /* Base */ = {isa = PBXFileReference; lastKnownFileType = file.storyboard; name = Base; path = Base.lproj/Main.storyboard; sourceTree = "<group>"; };
		91152F141AA6AE7000358262 /* Images.xcassets */ = {isa = PBXFileReference; lastKnownFileType = folder.assetcatalog; path = Images.xcassets; sourceTree = "<group>"; };
		91152F171AA6AE7000358262 /* Base */ = {isa = PBXFileReference; lastKnownFileType = file.xib; name = Base; path = Base.lproj/LaunchScreen.xib; sourceTree = "<group>"; };
		91152F221AA6AE7000358262 /* Info.plist */ = {isa = PBXFileReference; lastKnownFileType = text.plist.xml; path = Info.plist; sourceTree = "<group>"; };
		91152F231AA6AE7000358262 /* RangerWhetherTests.m */ = {isa = PBXFileReference; lastKnownFileType = sourcecode.c.objc; path = RangerWhetherTests.m; sourceTree = "<group>"; };
/* End PBXFileReference section */

/* Begin PBXFrameworksBuildPhase section */
		91152F011AA6AE7000358262 /* Frameworks */ = {
			isa = PBXFrameworksBuildPhase;
			buildActionMask = 2147483647;
			files = (
			);
			runOnlyForDeploymentPostprocessing = 0;
		};
/* End PBXFrameworksBuildPhase section */

/* Begin PBXGroup section */
		91152EFB1AA6AE7000358262 = {
			isa = PBXGroup;
			children = (
				91152F061AA6AE7000358262 /* RangerWhether */,
				91152F201AA6AE7000358262 /* RangerWhetherTests */,
				91152F051AA6AE7000358262 /* Products */,
			);
			sourceTree = "<group>";
		};
		91152F051AA6AE7000358262 /* Products */ = {
			isa = PBXGroup;
			children = (
				91152F041AA6AE7000358262 /* RangerWhether.app */,
			);
			name = Products;
			sourceTree = "<group>";
		};
		91152F061AA6AE7000358262 /* RangerWhether */ = {
			isa = PBXGroup;
			children = (
				91152F0B1AA6AE7000358262 /* AppDelegate.h */,
				91152F0C1AA6AE7000358262 /* AppDelegate.m */,
				91152F0E1AA6AE7000358262 /* ViewController.h */,
				91152F0F1AA6AE7000358262 /* ViewController.m */,
				91152F111AA6AE7000358262 /* Main.storyboard */,
				91152F141AA6AE7000358262 /* Images.xcassets */,
				91152F161AA6AE7000358262 /* LaunchScreen.xib */,
				91152F071AA6AE7000358262 /* Supporting Files */,
			);
			path = RangerWhether;
			sourceTree = "<group>";
		};
		91152F071AA6AE7000358262 /* Supporting Files */ = {
			isa = PBXGroup;
			children = (
				91152F081AA6AE7000358262 /* Info.plist */,
				91152F091AA6AE7000358262 /* main.m */,
			);
			name = "Supporting Files";
			sourceTree = "<group>";
		};
		91152F201AA6AE7000358262 /* RangerWhetherTests */ = {
			isa = PBXGroup;
			children = (
				91152F231AA6AE7000358262 /* RangerWhetherTests.m */,
				91152F211AA6AE7000358262 /* Supporting Files */,
			);
			path = RangerWhetherTests;
			sourceTree = "<group>";
		};
		91152F211AA6AE7000358262 /* Supporting Files */ = {
			isa = PBXGroup;
			children = (
				91152F221AA6AE7000358262 /* Info.plist */,
			);
			name = "Supporting Files";
			sourceTree = "<group>";
		};
/* End PBXGroup section */

/* Begin PBXNativeTarget section */
		91152F031AA6AE7000358262 /* RangerWhether */ = {
			isa = PBXNativeTarget;
			buildConfigurationList = 91152F271AA6AE7000358262 /* Build configuration list for PBXNativeTarget "RangerWhether" */;
			buildPhases = (
				91152F001AA6AE7000358262 /* Sources */,
				91152F011AA6AE7000358262 /* Frameworks */,
				91152F021AA6AE7000358262 /* Resources */,
			);
			buildRules = (
			);
			dependencies = (
			);
			name = RangerWhether;
			productName = RangerWhether;
			productReference = 91152F041AA6AE7000358262 /* RangerWhether.app */;
			productType = "com.apple.product-type.application";
		};
/* End PBXNativeTarget section */

/* Begin PBXProject section */
		91152EFC1AA6AE7000358262 /* Project object */ = {
			isa = PBXProject;
			attributes = {
				LastUpgradeCheck = 0600;
				ORGANIZATIONNAME = ranger;
				TargetAttributes = {
					91152F031AA6AE7000358262 = {
						CreatedOnToolsVersion = 6.0;
					};
				};
			};
			buildConfigurationList = 91152EFF1AA6AE7000358262 /* Build configuration list for PBXProject "RangerWhether" */;
			compatibilityVersion = "Xcode 3.2";
			developmentRegion = English;
			hasScannedForEncodings = 0;
			knownRegions = (
				en,
				Base,
			);
			mainGroup = 91152EFB1AA6AE7000358262;
			productRefGroup = 91152F051AA6AE7000358262 /* Products */;
			projectDirPath = "";
			projectRoot = "";
			targets = (
				91152F031AA6AE7000358262 /* RangerWhether */,
			);
		};
/* End PBXProject section */

/* Begin PBXResourcesBuildPhase section */
		91152F021AA6AE7000358262 /* Resources */ = {
			isa = PBXResourcesBuildPhase;
			buildActionMask = 2147483647;
			files = (
				91152F131AA6AE7000358262 /* Main.storyboard in Resources */,
				91152F181AA6AE7000358262 /* LaunchScreen.xib in Resources */,
				91152F151AA6AE7000358262 /* Images.xcassets in Resources */,
			);
			runOnlyForDeploymentPostprocessing = 0;
		};
/* End PBXResourcesBuildPhase section */

/* Begin PBXSourcesBuildPhase section */
		91152F001AA6AE7000358262 /* Sources */ = {
			isa = PBXSourcesBuildPhase;
			buildActionMask = 2147483647;
			files = (
				91152F101AA6AE7000358262 /* ViewController.m in Sources */,
				91152F0D1AA6AE7000358262 /* AppDelegate.m in Sources */,
				91152F0A1AA6AE7000358262 /* main.m in Sources */,
			);
			runOnlyForDeploymentPostprocessing = 0;
		};
/* End PBXSourcesBuildPhase section */

/* Begin PBXVariantGroup section */
		91152F111AA6AE7000358262 /* Main.storyboard */ = {
			isa = PBXVariantGroup;
			children = (
				91152F121AA6AE7000358262 /* Base */,
			);
			name = Main.storyboard;
			sourceTree = "<group>";
		};
		91152F161AA6AE7000358262 /* LaunchScreen.xib */ = {
			isa = PBXVariantGroup;
			children = (
				91152F171AA6AE7000358262 /* Base */,
			);
			name = LaunchScreen.xib;
			sourceTree = "<group>";
		};
/* End PBXVariantGroup section */

/* Begin XCBuildConfiguration section */
		91152F251AA6AE7000358262 /* Debug */ = {
			isa = XCBuildConfiguration;
			buildSettings = {
				ALWAYS_SEARCH_USER_PATHS = NO;
				CLANG_CXX_LANGUAGE_STANDARD = "gnu++0x";
				CLANG_CXX_LIBRARY = "libc++";
				CLANG_ENABLE_MODULES = YES;
				CLANG_ENABLE_OBJC_ARC = YES;
				CLANG_WARN_BOOL_CONVERSION = YES;
				CLANG_WARN_CONSTANT_CONVERSION = YES;
				CLANG_WARN_DIRECT_OBJC_ISA_USAGE = YES_ERROR;
				CLANG_WARN_EMPTY_BODY = YES;
				CLANG_WARN_ENUM_CONVERSION = YES;
				CLANG_WARN_INT_CONVERSION = YES;
				CLANG_WARN_OBJC_ROOT_CLASS = YES_ERROR;
				CLANG_WARN_UNREACHABLE_CODE = YES;
				CLANG_WARN__DUPLICATE_METHOD_MATCH = YES;
				"CODE_SIGN_IDENTITY[sdk=iphoneos*]" = "iPhone Developer";
				COPY_PHASE_STRIP = NO;
				ENABLE_STRICT_OBJC_MSGSEND = YES;
				GCC_C_LANGUAGE_STANDARD = gnu99;
				GCC_DYNAMIC_NO_PIC = NO;
				GCC_OPTIMIZATION_LEVEL = 0;
				GCC_PREPROCESSOR_DEFINITIONS = (
					"DEBUG=1",
					"$(inherited)",
				);
				GCC_SYMBOLS_PRIVATE_EXTERN = NO;
				GCC_WARN_64_TO_32_BIT_CONVERSION = YES;
				GCC_WARN_ABOUT_RETURN_TYPE = YES_ERROR;
				GCC_WARN_UNDECLARED_SELECTOR = YES;
				GCC_WARN_UNINITIALIZED_AUTOS = YES_AGGRESSIVE;
				GCC_WARN_UNUSED_FUNCTION = YES;
				GCC_WARN_UNUSED_VARIABLE = YES;
				IPHONEOS_DEPLOYMENT_TARGET = 8.0;
				MTL_ENABLE_DEBUG_INFO = YES;
				ONLY_ACTIVE_ARCH = YES;
				SDKROOT = iphoneos;
			};
			name = Debug;
		};
		91152F261AA6AE7000358262 /* Release */ = {
			isa = XCBuildConfiguration;
			buildSettings = {
				ALWAYS_SEARCH_USER_PATHS = NO;
				CLANG_CXX_LANGUAGE_STANDARD = "gnu++0x";
				CLANG_CXX_LIBRARY = "libc++";
				CLANG_ENABLE_MODULES = YES;
				CLANG_ENABLE_OBJC_ARC = YES;
				CLANG_WARN_BOOL_CONVERSION = YES;
				CLANG_WARN_CONSTANT_CONVERSION = YES;
				CLANG_WARN_DIRECT_OBJC_ISA_USAGE = YES_ERROR;
				CLANG_WARN_EMPTY_BODY = YES;
				CLANG_WARN_ENUM_CONVERSION = YES;
				CLANG_WARN_INT_CONVERSION = YES;
				CLANG_WARN_OBJC_ROOT_CLASS = YES_ERROR;
				CLANG_WARN_UNREACHABLE_CODE = YES;
				CLANG_WARN__DUPLICATE_METHOD_MATCH = YES;
				"CODE_SIGN_IDENTITY[sdk=iphoneos*]" = "iPhone Developer";
				COPY_PHASE_STRIP = YES;
				ENABLE_NS_ASSERTIONS = NO;
				ENABLE_STRICT_OBJC_MSGSEND = YES;
				GCC_C_LANGUAGE_STANDARD = gnu99;
				GCC_WARN_64_TO_32_BIT_CONVERSION = YES;
				GCC_WARN_ABOUT_RETURN_TYPE = YES_ERROR;
				GCC_WARN_UNDECLARED_SELECTOR = YES;
				GCC_WARN_UNINITIALIZED_AUTOS = YES_AGGRESSIVE;
				GCC_WARN_UNUSED_FUNCTION = YES;
				GCC_WARN_UNUSED_VARIABLE = YES;
				IPHONEOS_DEPLOYMENT_TARGET = 8.0;
				MTL_ENABLE_DEBUG_INFO = NO;
				SDKROOT = iphoneos;
				VALIDATE_PRODUCT = YES;
			};
			name = Release;
		};
		91152F281AA6AE7000358262 /* Debug */ = {
			isa = XCBuildConfiguration;
			buildSettings = {
				ASSETCATALOG_COMPILER_APPICON_NAME = AppIcon;
				INFOPLIST_FILE = RangerWhether/Info.plist;
				IPHONEOS_DEPLOYMENT_TARGET = 6.0;
				LD_RUNPATH_SEARCH_PATHS = "$(inherited) @executable_path/Frameworks";
				PRODUCT_NAME = "$(TARGET_NAME)";
			};
			name = Debug;
		};
		91152F291AA6AE7000358262 /* Release */ = {
			isa = XCBuildConfiguration;
			buildSettings = {
				ASSETCATALOG_COMPILER_APPICON_NAME = AppIcon;
				INFOPLIST_FILE = RangerWhether/Info.plist;
				IPHONEOS_DEPLOYMENT_TARGET = 6.0;
				LD_RUNPATH_SEARCH_PATHS = "$(inherited) @executable_path/Frameworks";
				PRODUCT_NAME = "$(TARGET_NAME)";
			};
			name = Release;
		};
/* End XCBuildConfiguration section */

/* Begin XCConfigurationList section */
		91152EFF1AA6AE7000358262 /* Build configuration list for PBXProject "RangerWhether" */ = {
			isa = XCConfigurationList;
			buildConfigurations = (
				91152F251AA6AE7000358262 /* Debug */,
				91152F261AA6AE7000358262 /* Release */,
			);
			defaultConfigurationIsVisible = 0;
			defaultConfigurationName = Release;
		};
		91152F271AA6AE7000358262 /* Build configuration list for PBXNativeTarget "RangerWhether" */ = {
			isa = XCConfigurationList;
			buildConfigurations = (
				91152F281AA6AE7000358262 /* Debug */,
				91152F291AA6AE7000358262 /* Release */,
			);
			defaultConfigurationIsVisible = 0;
			defaultConfigurationName = Release;
		};
/* End XCConfigurationList section */
	};
	rootObject = 91152EFC1AA6AE7000358262 /* Project object */;
}
